// !$*UTF8*$!
{
	archiveVersion = 1;
	classes = {
	};
	objectVersion = 46;
	objects = {

/* Begin PBXBuildFile section */
		3E0E78391A754AB200BDD21E /* main.m in Sources */ = {isa = PBXBuildFile; fileRef = 3E0E78381A754AB200BDD21E /* main.m */; };
		3E0E783C1A754AB200BDD21E /* AppDelegate.m in Sources */ = {isa = PBXBuildFile; fileRef = 3E0E783B1A754AB200BDD21E /* AppDelegate.m */; };
		3E0E783F1A754AB200BDD21E /* ViewController.m in Sources */ = {isa = PBXBuildFile; fileRef = 3E0E783E1A754AB200BDD21E /* ViewController.m */; };
		3E0E78421A754AB200BDD21E /* Main.storyboard in Resources */ = {isa = PBXBuildFile; fileRef = 3E0E78401A754AB200BDD21E /* Main.storyboard */; };
		3E0E78441A754AB200BDD21E /* Images.xcassets in Resources */ = {isa = PBXBuildFile; fileRef = 3E0E78431A754AB200BDD21E /* Images.xcassets */; };
		3E0E78471A754AB200BDD21E /* LaunchScreen.xib in Resources */ = {isa = PBXBuildFile; fileRef = 3E0E78451A754AB200BDD21E /* LaunchScreen.xib */; };
		3E0E78531A754AB200BDD21E /* CVTipsDemoTests.m in Sources */ = {isa = PBXBuildFile; fileRef = 3E0E78521A754AB200BDD21E /* CVTipsDemoTests.m */; };
		3E0E78641A754ACB00BDD21E /* CVTipsController.m in Sources */ = {isa = PBXBuildFile; fileRef = 3E0E785D1A754ACB00BDD21E /* CVTipsController.m */; };
		3E0E78651A754ACB00BDD21E /* CVTipView.m in Sources */ = {isa = PBXBuildFile; fileRef = 3E0E785F1A754ACB00BDD21E /* CVTipView.m */; };
		3E0E78661A754ACB00BDD21E /* CVTip.m in Sources */ = {isa = PBXBuildFile; fileRef = 3E0E78611A754ACB00BDD21E /* CVTip.m */; };
		3E0E78671A754ACB00BDD21E /* CVTipCache.m in Sources */ = {isa = PBXBuildFile; fileRef = 3E0E78631A754ACB00BDD21E /* CVTipCache.m */; };
/* End PBXBuildFile section */

/* Begin PBXContainerItemProxy section */
		3E0E784D1A754AB200BDD21E /* PBXContainerItemProxy */ = {
			isa = PBXContainerItemProxy;
			containerPortal = 3E0E782B1A754AB200BDD21E /* Project object */;
			proxyType = 1;
			remoteGlobalIDString = 3E0E78321A754AB200BDD21E;
			remoteInfo = CVTipsDemo;
		};
/* End PBXContainerItemProxy section */

/* Begin PBXFileReference section */
		3E0E78331A754AB200BDD21E /* CVTipsDemo.app */ = {isa = PBXFileReference; explicitFileType = wrapper.application; includeInIndex = 0; path = CVTipsDemo.app; sourceTree = BUILT_PRODUCTS_DIR; };
		3E0E78371A754AB200BDD21E /* Info.plist */ = {isa = PBXFileReference; lastKnownFileType = text.plist.xml; path = Info.plist; sourceTree = "<group>"; };
		3E0E78381A754AB200BDD21E /* main.m */ = {isa = PBXFileReference; lastKnownFileType = sourcecode.c.objc; path = main.m; sourceTree = "<group>"; };
		3E0E783A1A754AB200BDD21E /* AppDelegate.h */ = {isa = PBXFileReference; lastKnownFileType = sourcecode.c.h; path = AppDelegate.h; sourceTree = "<group>"; };
		3E0E783B1A754AB200BDD21E /* AppDelegate.m */ = {isa = PBXFileReference; lastKnownFileType = sourcecode.c.objc; path = AppDelegate.m; sourceTree = "<group>"; };
		3E0E783D1A754AB200BDD21E /* ViewController.h */ = {isa = PBXFileReference; lastKnownFileType = sourcecode.c.h; path = ViewController.h; sourceTree = "<group>"; };
		3E0E783E1A754AB200BDD21E /* ViewController.m */ = {isa = PBXFileReference; lastKnownFileType = sourcecode.c.objc; path = ViewController.m; sourceTree = "<group>"; };
		3E0E78411A754AB200BDD21E /* Base */ = {isa = PBXFileReference; lastKnownFileType = file.storyboard; name = Base; path = Base.lproj/Main.storyboard; sourceTree = "<group>"; };
		3E0E78431A754AB200BDD21E /* Images.xcassets */ = {isa = PBXFileReference; lastKnownFileType = folder.assetcatalog; path = Images.xcassets; sourceTree = "<group>"; };
		3E0E78461A754AB200BDD21E /* Base */ = {isa = PBXFileReference; lastKnownFileType = file.xib; name = Base; path = Base.lproj/LaunchScreen.xib; sourceTree = "<group>"; };
		3E0E784C1A754AB200BDD21E /* CVTipsDemoTests.xctest */ = {isa = PBXFileReference; explicitFileType = wrapper.cfbundle; includeInIndex = 0; path = CVTipsDemoTests.xctest; sourceTree = BUILT_PRODUCTS_DIR; };
		3E0E78511A754AB200BDD21E /* Info.plist */ = {isa = PBXFileReference; lastKnownFileType = text.plist.xml; path = Info.plist; sourceTree = "<group>"; };
		3E0E78521A754AB200BDD21E /* CVTipsDemoTests.m */ = {isa = PBXFileReference; lastKnownFileType = sourcecode.c.objc; path = CVTipsDemoTests.m; sourceTree = "<group>"; };
		3E0E785C1A754ACB00BDD21E /* CVTipsController.h */ = {isa = PBXFileReference; fileEncoding = 4; lastKnownFileType = sourcecode.c.h; path = CVTipsController.h; sourceTree = "<group>"; };
		3E0E785D1A754ACB00BDD21E /* CVTipsController.m */ = {isa = PBXFileReference; fileEncoding = 4; lastKnownFileType = sourcecode.c.objc; path = CVTipsController.m; sourceTree = "<group>"; };
		3E0E785E1A754ACB00BDD21E /* CVTipView.h */ = {isa = PBXFileReference; fileEncoding = 4; lastKnownFileType = sourcecode.c.h; path = CVTipView.h; sourceTree = "<group>"; };
		3E0E785F1A754ACB00BDD21E /* CVTipView.m */ = {isa = PBXFileReference; fileEncoding = 4; lastKnownFileType = sourcecode.c.objc; path = CVTipView.m; sourceTree = "<group>"; };
		3E0E78601A754ACB00BDD21E /* CVTip.h */ = {isa = PBXFileReference; fileEncoding = 4; lastKnownFileType = sourcecode.c.h; path = CVTip.h; sourceTree = "<group>"; };
		3E0E78611A754ACB00BDD21E /* CVTip.m */ = {isa = PBXFileReference; fileEncoding = 4; lastKnownFileType = sourcecode.c.objc; path = CVTip.m; sourceTree = "<group>"; };
		3E0E78621A754ACB00BDD21E /* CVTipCache.h */ = {isa = PBXFileReference; fileEncoding = 4; lastKnownFileType = sourcecode.c.h; path = CVTipCache.h; sourceTree = "<group>"; };
		3E0E78631A754ACB00BDD21E /* CVTipCache.m */ = {isa = PBXFileReference; fileEncoding = 4; lastKnownFileType = sourcecode.c.objc; path = CVTipCache.m; sourceTree = "<group>"; };
/* End PBXFileReference section */

/* Begin PBXFrameworksBuildPhase section */
		3E0E78301A754AB200BDD21E /* Frameworks */ = {
			isa = PBXFrameworksBuildPhase;
			buildActionMask = 2147483647;
			files = (
			);
			runOnlyForDeploymentPostprocessing = 0;
		};
		3E0E78491A754AB200BDD21E /* Frameworks */ = {
			isa = PBXFrameworksBuildPhase;
			buildActionMask = 2147483647;
			files = (
			);
			runOnlyForDeploymentPostprocessing = 0;
		};
/* End PBXFrameworksBuildPhase section */

/* Begin PBXGroup section */
		3E0E782A1A754AB200BDD21E = {
			isa = PBXGroup;
			children = (
				3E0E78351A754AB200BDD21E /* CVTipsDemo */,
				3E0E784F1A754AB200BDD21E /* CVTipsDemoTests */,
				3E0E78341A754AB200BDD21E /* Products */,
			);
			sourceTree = "<group>";
		};
		3E0E78341A754AB200BDD21E /* Products */ = {
			isa = PBXGroup;
			children = (
				3E0E78331A754AB200BDD21E /* CVTipsDemo.app */,
				3E0E784C1A754AB200BDD21E /* CVTipsDemoTests.xctest */,
			);
			name = Products;
			sourceTree = "<group>";
		};
		3E0E78351A754AB200BDD21E /* CVTipsDemo */ = {
			isa = PBXGroup;
			children = (
				3E0E78681A754AD400BDD21E /* CVTips */,
				3E0E783A1A754AB200BDD21E /* AppDelegate.h */,
				3E0E783B1A754AB200BDD21E /* AppDelegate.m */,
				3E0E783D1A754AB200BDD21E /* ViewController.h */,
				3E0E783E1A754AB200BDD21E /* ViewController.m */,
				3E0E78401A754AB200BDD21E /* Main.storyboard */,
				3E0E78431A754AB200BDD21E /* Images.xcassets */,
				3E0E78451A754AB200BDD21E /* LaunchScreen.xib */,
				3E0E78361A754AB200BDD21E /* Supporting Files */,
			);
			path = CVTipsDemo;
			sourceTree = "<group>";
		};
		3E0E78361A754AB200BDD21E /* Supporting Files */ = {
			isa = PBXGroup;
			children = (
				3E0E78371A754AB200BDD21E /* Info.plist */,
				3E0E78381A754AB200BDD21E /* main.m */,
			);
			name = "Supporting Files";
			sourceTree = "<group>";
		};
		3E0E784F1A754AB200BDD21E /* CVTipsDemoTests */ = {
			isa = PBXGroup;
			children = (
				3E0E78521A754AB200BDD21E /* CVTipsDemoTests.m */,
				3E0E78501A754AB200BDD21E /* Supporting Files */,
			);
			path = CVTipsDemoTests;
			sourceTree = "<group>";
		};
		3E0E78501A754AB200BDD21E /* Supporting Files */ = {
			isa = PBXGroup;
			children = (
				3E0E78511A754AB200BDD21E /* Info.plist */,
			);
			name = "Supporting Files";
			sourceTree = "<group>";
		};
		3E0E78681A754AD400BDD21E /* CVTips */ = {
			isa = PBXGroup;
			children = (
				3E0E785C1A754ACB00BDD21E /* CVTipsController.h */,
				3E0E785D1A754ACB00BDD21E /* CVTipsController.m */,
				3E0E785E1A754ACB00BDD21E /* CVTipView.h */,
				3E0E785F1A754ACB00BDD21E /* CVTipView.m */,
				3E0E78601A754ACB00BDD21E /* CVTip.h */,
				3E0E78611A754ACB00BDD21E /* CVTip.m */,
				3E0E78621A754ACB00BDD21E /* CVTipCache.h */,
				3E0E78631A754ACB00BDD21E /* CVTipCache.m */,
			);
			name = CVTips;
			sourceTree = "<group>";
		};
/* End PBXGroup section */

/* Begin PBXNativeTarget section */
		3E0E78321A754AB200BDD21E /* CVTipsDemo */ = {
			isa = PBXNativeTarget;
			buildConfigurationList = 3E0E78561A754AB200BDD21E /* Build configuration list for PBXNativeTarget "CVTipsDemo" */;
			buildPhases = (
				3E0E782F1A754AB200BDD21E /* Sources */,
				3E0E78301A754AB200BDD21E /* Frameworks */,
				3E0E78311A754AB200BDD21E /* Resources */,
			);
			buildRules = (
			);
			dependencies = (
			);
			name = CVTipsDemo;
			productName = CVTipsDemo;
			productReference = 3E0E78331A754AB200BDD21E /* CVTipsDemo.app */;
			productType = "com.apple.product-type.application";
		};
		3E0E784B1A754AB200BDD21E /* CVTipsDemoTests */ = {
			isa = PBXNativeTarget;
			buildConfigurationList = 3E0E78591A754AB200BDD21E /* Build configuration list for PBXNativeTarget "CVTipsDemoTests" */;
			buildPhases = (
				3E0E78481A754AB200BDD21E /* Sources */,
				3E0E78491A754AB200BDD21E /* Frameworks */,
				3E0E784A1A754AB200BDD21E /* Resources */,
			);
			buildRules = (
			);
			dependencies = (
				3E0E784E1A754AB200BDD21E /* PBXTargetDependency */,
			);
			name = CVTipsDemoTests;
			productName = CVTipsDemoTests;
			productReference = 3E0E784C1A754AB200BDD21E /* CVTipsDemoTests.xctest */;
			productType = "com.apple.product-type.bundle.unit-test";
		};
/* End PBXNativeTarget section */

/* Begin PBXProject section */
		3E0E782B1A754AB200BDD21E /* Project object */ = {
			isa = PBXProject;
			attributes = {
				LastUpgradeCheck = 0610;
				ORGANIZATIONNAME = "Coulton Vento";
				TargetAttributes = {
					3E0E78321A754AB200BDD21E = {
						CreatedOnToolsVersion = 6.1.1;
					};
					3E0E784B1A754AB200BDD21E = {
						CreatedOnToolsVersion = 6.1.1;
						TestTargetID = 3E0E78321A754AB200BDD21E;
					};
				};
			};
			buildConfigurationList = 3E0E782E1A754AB200BDD21E /* Build configuration list for PBXProject "CVTipsDemo" */;
			compatibilityVersion = "Xcode 3.2";
			developmentRegion = English;
			hasScannedForEncodings = 0;
			knownRegions = (
				en,
				Base,
			);
			mainGroup = 3E0E782A1A754AB200BDD21E;
			productRefGroup = 3E0E78341A754AB200BDD21E /* Products */;
			projectDirPath = "";
			projectRoot = "";
			targets = (
				3E0E78321A754AB200BDD21E /* CVTipsDemo */,
				3E0E784B1A754AB200BDD21E /* CVTipsDemoTests */,
			);
		};
/* End PBXProject section */

/* Begin PBXResourcesBuildPhase section */
		3E0E78311A754AB200BDD21E /* Resources */ = {
			isa = PBXResourcesBuildPhase;
			buildActionMask = 2147483647;
			files = (
				3E0E78421A754AB200BDD21E /* Main.storyboard in Resources */,
				3E0E78471A754AB200BDD21E /* LaunchScreen.xib in Resources */,
				3E0E78441A754AB200BDD21E /* Images.xcassets in Resources */,
			);
			runOnlyForDeploymentPostprocessing = 0;
		};
		3E0E784A1A754AB200BDD21E /* Resources */ = {
			isa = PBXResourcesBuildPhase;
			buildActionMask = 2147483647;
			files = (
			);
			runOnlyForDeploymentPostprocessing = 0;
		};
/* End PBXResourcesBuildPhase section */

/* Begin PBXSourcesBuildPhase section */
		3E0E782F1A754AB200BDD21E /* Sources */ = {
			isa = PBXSourcesBuildPhase;
			buildActionMask = 2147483647;
			files = (
				3E0E78661A754ACB00BDD21E /* CVTip.m in Sources */,
				3E0E78651A754ACB00BDD21E /* CVTipView.m in Sources */,
				3E0E783F1A754AB200BDD21E /* ViewController.m in Sources */,
				3E0E783C1A754AB200BDD21E /* AppDelegate.m in Sources */,
				3E0E78671A754ACB00BDD21E /* CVTipCache.m in Sources */,
				3E0E78641A754ACB00BDD21E /* CVTipsController.m in Sources */,
				3E0E78391A754AB200BDD21E /* main.m in Sources */,
			);
			runOnlyForDeploymentPostprocessing = 0;
		};
		3E0E78481A754AB200BDD21E /* Sources */ = {
			isa = PBXSourcesBuildPhase;
			buildActionMask = 2147483647;
			files = (
				3E0E78531A754AB200BDD21E /* CVTipsDemoTests.m in Sources */,
			);
			runOnlyForDeploymentPostprocessing = 0;
		};
/* End PBXSourcesBuildPhase section */

/* Begin PBXTargetDependency section */
		3E0E784E1A754AB200BDD21E /* PBXTargetDependency */ = {
			isa = PBXTargetDependency;
			target = 3E0E78321A754AB200BDD21E /* CVTipsDemo */;
			targetProxy = 3E0E784D1A754AB200BDD21E /* PBXContainerItemProxy */;
		};
/* End PBXTargetDependency section */

/* Begin PBXVariantGroup section */
		3E0E78401A754AB200BDD21E /* Main.storyboard */ = {
			isa = PBXVariantGroup;
			children = (
				3E0E78411A754AB200BDD21E /* Base */,
			);
			name = Main.storyboard;
			sourceTree = "<group>";
		};
		3E0E78451A754AB200BDD21E /* LaunchScreen.xib */ = {
			isa = PBXVariantGroup;
			children = (
				3E0E78461A754AB200BDD21E /* Base */,
			);
			name = LaunchScreen.xib;
			sourceTree = "<group>";
		};
/* End PBXVariantGroup section */

/* Begin XCBuildConfiguration section */
		3E0E78541A754AB200BDD21E /* Debug */ = {
			isa = XCBuildConfiguration;
			buildSettings = {
				ALWAYS_SEARCH_USER_PATHS = NO;
				CLANG_CXX_LANGUAGE_STANDARD = "gnu++0x";
				CLANG_CXX_LIBRARY = "libc++";
				CLANG_ENABLE_MODULES = YES;
				CLANG_ENABLE_OBJC_ARC = YES;
				CLANG_WARN_BOOL_CONVERSION = YES;
				CLANG_WARN_CONSTANT_CONVERSION = YES;
				CLANG_WARN_DIRECT_OBJC_ISA_USAGE = YES_ERROR;
				CLANG_WARN_EMPTY_BODY = YES;
				CLANG_WARN_ENUM_CONVERSION = YES;
				CLANG_WARN_INT_CONVERSION = YES;
				CLANG_WARN_OBJC_ROOT_CLASS = YES_ERROR;
				CLANG_WARN_UNREACHABLE_CODE = YES;
				CLANG_WARN__DUPLICATE_METHOD_MATCH = YES;
				"CODE_SIGN_IDENTITY[sdk=iphoneos*]" = "iPhone Developer";
				COPY_PHASE_STRIP = NO;
				ENABLE_STRICT_OBJC_MSGSEND = YES;
				GCC_C_LANGUAGE_STANDARD = gnu99;
				GCC_DYNAMIC_NO_PIC = NO;
				GCC_OPTIMIZATION_LEVEL = 0;
				GCC_PREPROCESSOR_DEFINITIONS = (
					"DEBUG=1",
					"$(inherited)",
				);
				GCC_SYMBOLS_PRIVATE_EXTERN = NO;
				GCC_WARN_64_TO_32_BIT_CONVERSION = YES;
				GCC_WARN_ABOUT_RETURN_TYPE = YES_ERROR;
				GCC_WARN_UNDECLARED_SELECTOR = YES;
				GCC_WARN_UNINITIALIZED_AUTOS = YES_AGGRESSIVE;
				GCC_WARN_UNUSED_FUNCTION = YES;
				GCC_WARN_UNUSED_VARIABLE = YES;
				IPHONEOS_DEPLOYMENT_TARGET = 8.1;
				MTL_ENABLE_DEBUG_INFO = YES;
				ONLY_ACTIVE_ARCH = YES;
				SDKROOT = iphoneos;
			};
			name = Debug;
		};
		3E0E78551A754AB200BDD21E /* Release */ = {
			isa = XCBuildConfiguration;
			buildSettings = {
				ALWAYS_SEARCH_USER_PATHS = NO;
				CLANG_CXX_LANGUAGE_STANDARD = "gnu++0x";
				CLANG_CXX_LIBRARY = "libc++";
				CLANG_ENABLE_MODULES = YES;
				CLANG_ENABLE_OBJC_ARC = YES;
				CLANG_WARN_BOOL_CONVERSION = YES;
				CLANG_WARN_CONSTANT_CONVERSION = YES;
				CLANG_WARN_DIRECT_OBJC_ISA_USAGE = YES_ERROR;
				CLANG_WARN_EMPTY_BODY = YES;
				CLANG_WARN_ENUM_CONVERSION = YES;
				CLANG_WARN_INT_CONVERSION = YES;
				CLANG_WARN_OBJC_ROOT_CLASS = YES_ERROR;
				CLANG_WARN_UNREACHABLE_CODE = YES;
				CLANG_WARN__DUPLICATE_METHOD_MATCH = YES;
				"CODE_SIGN_IDENTITY[sdk=iphoneos*]" = "iPhone Developer";
				COPY_PHASE_STRIP = YES;
				ENABLE_NS_ASSERTIONS = NO;
				ENABLE_STRICT_OBJC_MSGSEND = YES;
				GCC_C_LANGUAGE_STANDARD = gnu99;
				GCC_WARN_64_TO_32_BIT_CONVERSION = YES;
				GCC_WARN_ABOUT_RETURN_TYPE = YES_ERROR;
				GCC_WARN_UNDECLARED_SELECTOR = YES;
				GCC_WARN_UNINITIALIZED_AUTOS = YES_AGGRESSIVE;
				GCC_WARN_UNUSED_FUNCTION = YES;
				GCC_WARN_UNUSED_VARIABLE = YES;
				IPHONEOS_DEPLOYMENT_TARGET = 8.1;
				MTL_ENABLE_DEBUG_INFO = NO;
				SDKROOT = iphoneos;
				VALIDATE_PRODUCT = YES;
			};
			name = Release;
		};
		3E0E78571A754AB200BDD21E /* Debug */ = {
			isa = XCBuildConfiguration;
			buildSettings = {
				ASSETCATALOG_COMPILER_APPICON_NAME = AppIcon;
				INFOPLIST_FILE = CVTipsDemo/Info.plist;
				LD_RUNPATH_SEARCH_PATHS = "$(inherited) @executable_path/Frameworks";
				PRODUCT_NAME = "$(TARGET_NAME)";
			};
			name = Debug;
		};
		3E0E78581A754AB200BDD21E /* Release */ = {
			isa = XCBuildConfiguration;
			buildSettings = {
				ASSETCATALOG_COMPILER_APPICON_NAME = AppIcon;
				INFOPLIST_FILE = CVTipsDemo/Info.plist;
				LD_RUNPATH_SEARCH_PATHS = "$(inherited) @executable_path/Frameworks";
				PRODUCT_NAME = "$(TARGET_NAME)";
			};
			name = Release;
		};
		3E0E785A1A754AB200BDD21E /* Debug */ = {
			isa = XCBuildConfiguration;
			buildSettings = {
				BUNDLE_LOADER = "$(TEST_HOST)";
				FRAMEWORK_SEARCH_PATHS = (
					"$(SDKROOT)/Developer/Library/Frameworks",
					"$(inherited)",
				);
				GCC_PREPROCESSOR_DEFINITIONS = (
					"DEBUG=1",
					"$(inherited)",
				);
				INFOPLIST_FILE = CVTipsDemoTests/Info.plist;
				LD_RUNPATH_SEARCH_PATHS = "$(inherited) @executable_path/Frameworks @loader_path/Frameworks";
				PRODUCT_NAME = "$(TARGET_NAME)";
				TEST_HOST = "$(BUILT_PRODUCTS_DIR)/CVTipsDemo.app/CVTipsDemo";
			};
			name = Debug;
		};
		3E0E785B1A754AB200BDD21E /* Release */ = {
			isa = XCBuildConfiguration;
			buildSettings = {
				BUNDLE_LOADER = "$(TEST_HOST)";
				FRAMEWORK_SEARCH_PATHS = (
					"$(SDKROOT)/Developer/Library/Frameworks",
					"$(inherited)",
				);
				INFOPLIST_FILE = CVTipsDemoTests/Info.plist;
				LD_RUNPATH_SEARCH_PATHS = "$(inherited) @executable_path/Frameworks @loader_path/Frameworks";
				PRODUCT_NAME = "$(TARGET_NAME)";
				TEST_HOST = "$(BUILT_PRODUCTS_DIR)/CVTipsDemo.app/CVTipsDemo";
			};
			name = Release;
		};
/* End XCBuildConfiguration section */

/* Begin XCConfigurationList section */
		3E0E782E1A754AB200BDD21E /* Build configuration list for PBXProject "CVTipsDemo" */ = {
			isa = XCConfigurationList;
			buildConfigurations = (
				3E0E78541A754AB200BDD21E /* Debug */,
				3E0E78551A754AB200BDD21E /* Release */,
			);
			defaultConfigurationIsVisible = 0;
			defaultConfigurationName = Release;
		};
		3E0E78561A754AB200BDD21E /* Build configuration list for PBXNativeTarget "CVTipsDemo" */ = {
			isa = XCConfigurationList;
			buildConfigurations = (
				3E0E78571A754AB200BDD21E /* Debug */,
				3E0E78581A754AB200BDD21E /* Release */,
			);
			defaultConfigurationIsVisible = 0;
		};
		3E0E78591A754AB200BDD21E /* Build configuration list for PBXNativeTarget "CVTipsDemoTests" */ = {
			isa = XCConfigurationList;
			buildConfigurations = (
				3E0E785A1A754AB200BDD21E /* Debug */,
				3E0E785B1A754AB200BDD21E /* Release */,
			);
			defaultConfigurationIsVisible = 0;
		};
/* End XCConfigurationList section */
	};
	rootObject = 3E0E782B1A754AB200BDD21E /* Project object */;
}
